// !$*UTF8*$!
{
	archiveVersion = 1;
	classes = {
	};
	objectVersion = 46;
	objects = {

/* Begin PBXBuildFile section */
		5829D9231AEFF42E00EE183F /* AppDelegate.swift in Sources */ = {isa = PBXBuildFile; fileRef = 5829D9221AEFF42E00EE183F /* AppDelegate.swift */; };
		5829D9251AEFF42E00EE183F /* ViewController.swift in Sources */ = {isa = PBXBuildFile; fileRef = 5829D9241AEFF42E00EE183F /* ViewController.swift */; };
		5829D9281AEFF42E00EE183F /* Main.storyboard in Resources */ = {isa = PBXBuildFile; fileRef = 5829D9261AEFF42E00EE183F /* Main.storyboard */; };
		5829D92A1AEFF42E00EE183F /* Images.xcassets in Resources */ = {isa = PBXBuildFile; fileRef = 5829D9291AEFF42E00EE183F /* Images.xcassets */; };
		5829D92D1AEFF42E00EE183F /* LaunchScreen.xib in Resources */ = {isa = PBXBuildFile; fileRef = 5829D92B1AEFF42E00EE183F /* LaunchScreen.xib */; };
		5829D9391AEFF42E00EE183F /* SlotMachineTests.swift in Sources */ = {isa = PBXBuildFile; fileRef = 5829D9381AEFF42E00EE183F /* SlotMachineTests.swift */; };
		5829D9431AF3D34800EE183F /* Slot.swift in Sources */ = {isa = PBXBuildFile; fileRef = 5829D9421AF3D34800EE183F /* Slot.swift */; };
		5829D9941AF3D4AC00EE183F /* Factory.swift in Sources */ = {isa = PBXBuildFile; fileRef = 5829D9931AF3D4AC00EE183F /* Factory.swift */; };
		58C718331B7177680095CEB5 /* SlotBrain.swift in Sources */ = {isa = PBXBuildFile; fileRef = 58C718321B7177680095CEB5 /* SlotBrain.swift */; };
/* End PBXBuildFile section */

/* Begin PBXContainerItemProxy section */
		5829D9331AEFF42E00EE183F /* PBXContainerItemProxy */ = {
			isa = PBXContainerItemProxy;
			containerPortal = 5829D9151AEFF42E00EE183F /* Project object */;
			proxyType = 1;
			remoteGlobalIDString = 5829D91C1AEFF42E00EE183F;
			remoteInfo = SlotMachine;
		};
/* End PBXContainerItemProxy section */

/* Begin PBXFileReference section */
		5829D91D1AEFF42E00EE183F /* SlotMachine.app */ = {isa = PBXFileReference; explicitFileType = wrapper.application; includeInIndex = 0; path = SlotMachine.app; sourceTree = BUILT_PRODUCTS_DIR; };
		5829D9211AEFF42E00EE183F /* Info.plist */ = {isa = PBXFileReference; lastKnownFileType = text.plist.xml; path = Info.plist; sourceTree = "<group>"; };
		5829D9221AEFF42E00EE183F /* AppDelegate.swift */ = {isa = PBXFileReference; lastKnownFileType = sourcecode.swift; path = AppDelegate.swift; sourceTree = "<group>"; };
		5829D9241AEFF42E00EE183F /* ViewController.swift */ = {isa = PBXFileReference; lastKnownFileType = sourcecode.swift; path = ViewController.swift; sourceTree = "<group>"; };
		5829D9271AEFF42E00EE183F /* Base */ = {isa = PBXFileReference; lastKnownFileType = file.storyboard; name = Base; path = Base.lproj/Main.storyboard; sourceTree = "<group>"; };
		5829D9291AEFF42E00EE183F /* Images.xcassets */ = {isa = PBXFileReference; lastKnownFileType = folder.assetcatalog; path = Images.xcassets; sourceTree = "<group>"; };
		5829D92C1AEFF42E00EE183F /* Base */ = {isa = PBXFileReference; lastKnownFileType = file.xib; name = Base; path = Base.lproj/LaunchScreen.xib; sourceTree = "<group>"; };
		5829D9321AEFF42E00EE183F /* SlotMachineTests.xctest */ = {isa = PBXFileReference; explicitFileType = wrapper.cfbundle; includeInIndex = 0; path = SlotMachineTests.xctest; sourceTree = BUILT_PRODUCTS_DIR; };
		5829D9371AEFF42E00EE183F /* Info.plist */ = {isa = PBXFileReference; lastKnownFileType = text.plist.xml; path = Info.plist; sourceTree = "<group>"; };
		5829D9381AEFF42E00EE183F /* SlotMachineTests.swift */ = {isa = PBXFileReference; lastKnownFileType = sourcecode.swift; path = SlotMachineTests.swift; sourceTree = "<group>"; };
		5829D9421AF3D34800EE183F /* Slot.swift */ = {isa = PBXFileReference; fileEncoding = 4; lastKnownFileType = sourcecode.swift; path = Slot.swift; sourceTree = "<group>"; };
		5829D9931AF3D4AC00EE183F /* Factory.swift */ = {isa = PBXFileReference; fileEncoding = 4; lastKnownFileType = sourcecode.swift; path = Factory.swift; sourceTree = "<group>"; };
		58C718321B7177680095CEB5 /* SlotBrain.swift */ = {isa = PBXFileReference; fileEncoding = 4; lastKnownFileType = sourcecode.swift; name = SlotBrain.swift; path = ../SlotBrain.swift; sourceTree = "<group>"; };
/* End PBXFileReference section */

/* Begin PBXFrameworksBuildPhase section */
		5829D91A1AEFF42E00EE183F /* Frameworks */ = {
			isa = PBXFrameworksBuildPhase;
			buildActionMask = 2147483647;
			files = (
			);
			runOnlyForDeploymentPostprocessing = 0;
		};
		5829D92F1AEFF42E00EE183F /* Frameworks */ = {
			isa = PBXFrameworksBuildPhase;
			buildActionMask = 2147483647;
			files = (
			);
			runOnlyForDeploymentPostprocessing = 0;
		};
/* End PBXFrameworksBuildPhase section */

/* Begin PBXGroup section */
		5829D9141AEFF42E00EE183F = {
			isa = PBXGroup;
			children = (
				5829D91F1AEFF42E00EE183F /* SlotMachine */,
				5829D9351AEFF42E00EE183F /* SlotMachineTests */,
				5829D91E1AEFF42E00EE183F /* Products */,
			);
			sourceTree = "<group>";
		};
		5829D91E1AEFF42E00EE183F /* Products */ = {
			isa = PBXGroup;
			children = (
				5829D91D1AEFF42E00EE183F /* SlotMachine.app */,
				5829D9321AEFF42E00EE183F /* SlotMachineTests.xctest */,
			);
			name = Products;
			sourceTree = "<group>";
		};
		5829D91F1AEFF42E00EE183F /* SlotMachine */ = {
			isa = PBXGroup;
			children = (
				5829D9221AEFF42E00EE183F /* AppDelegate.swift */,
				58C718321B7177680095CEB5 /* SlotBrain.swift */,
				5829D9241AEFF42E00EE183F /* ViewController.swift */,
				5829D9421AF3D34800EE183F /* Slot.swift */,
				5829D9261AEFF42E00EE183F /* Main.storyboard */,
				5829D9291AEFF42E00EE183F /* Images.xcassets */,
				5829D9931AF3D4AC00EE183F /* Factory.swift */,
				5829D92B1AEFF42E00EE183F /* LaunchScreen.xib */,
				5829D9201AEFF42E00EE183F /* Supporting Files */,
			);
			path = SlotMachine;
			sourceTree = "<group>";
		};
		5829D9201AEFF42E00EE183F /* Supporting Files */ = {
			isa = PBXGroup;
			children = (
				5829D9211AEFF42E00EE183F /* Info.plist */,
			);
			name = "Supporting Files";
			sourceTree = "<group>";
		};
		5829D9351AEFF42E00EE183F /* SlotMachineTests */ = {
			isa = PBXGroup;
			children = (
				5829D9381AEFF42E00EE183F /* SlotMachineTests.swift */,
				5829D9361AEFF42E00EE183F /* Supporting Files */,
			);
			path = SlotMachineTests;
			sourceTree = "<group>";
		};
		5829D9361AEFF42E00EE183F /* Supporting Files */ = {
			isa = PBXGroup;
			children = (
				5829D9371AEFF42E00EE183F /* Info.plist */,
			);
			name = "Supporting Files";
			sourceTree = "<group>";
		};
/* End PBXGroup section */

/* Begin PBXNativeTarget section */
		5829D91C1AEFF42E00EE183F /* SlotMachine */ = {
			isa = PBXNativeTarget;
			buildConfigurationList = 5829D93C1AEFF42E00EE183F /* Build configuration list for PBXNativeTarget "SlotMachine" */;
			buildPhases = (
				5829D9191AEFF42E00EE183F /* Sources */,
				5829D91A1AEFF42E00EE183F /* Frameworks */,
				5829D91B1AEFF42E00EE183F /* Resources */,
			);
			buildRules = (
			);
			dependencies = (
			);
			name = SlotMachine;
			productName = SlotMachine;
			productReference = 5829D91D1AEFF42E00EE183F /* SlotMachine.app */;
			productType = "com.apple.product-type.application";
		};
		5829D9311AEFF42E00EE183F /* SlotMachineTests */ = {
			isa = PBXNativeTarget;
			buildConfigurationList = 5829D93F1AEFF42E00EE183F /* Build configuration list for PBXNativeTarget "SlotMachineTests" */;
			buildPhases = (
				5829D92E1AEFF42E00EE183F /* Sources */,
				5829D92F1AEFF42E00EE183F /* Frameworks */,
				5829D9301AEFF42E00EE183F /* Resources */,
			);
			buildRules = (
			);
			dependencies = (
				5829D9341AEFF42E00EE183F /* PBXTargetDependency */,
			);
			name = SlotMachineTests;
			productName = SlotMachineTests;
			productReference = 5829D9321AEFF42E00EE183F /* SlotMachineTests.xctest */;
			productType = "com.apple.product-type.bundle.unit-test";
		};
/* End PBXNativeTarget section */

/* Begin PBXProject section */
		5829D9151AEFF42E00EE183F /* Project object */ = {
			isa = PBXProject;
			attributes = {
				LastUpgradeCheck = 0630;
				ORGANIZATIONNAME = "Morgan Le Gal";
				TargetAttributes = {
					5829D91C1AEFF42E00EE183F = {
						CreatedOnToolsVersion = 6.3.1;
					};
					5829D9311AEFF42E00EE183F = {
						CreatedOnToolsVersion = 6.3.1;
						TestTargetID = 5829D91C1AEFF42E00EE183F;
					};
				};
			};
			buildConfigurationList = 5829D9181AEFF42E00EE183F /* Build configuration list for PBXProject "SlotMachine" */;
			compatibilityVersion = "Xcode 3.2";
			developmentRegion = English;
			hasScannedForEncodings = 0;
			knownRegions = (
				en,
				Base,
			);
			mainGroup = 5829D9141AEFF42E00EE183F;
			productRefGroup = 5829D91E1AEFF42E00EE183F /* Products */;
			projectDirPath = "";
			projectRoot = "";
			targets = (
				5829D91C1AEFF42E00EE183F /* SlotMachine */,
				5829D9311AEFF42E00EE183F /* SlotMachineTests */,
			);
		};
/* End PBXProject section */

/* Begin PBXResourcesBuildPhase section */
		5829D91B1AEFF42E00EE183F /* Resources */ = {
			isa = PBXResourcesBuildPhase;
			buildActionMask = 2147483647;
			files = (
				5829D9281AEFF42E00EE183F /* Main.storyboard in Resources */,
				5829D92D1AEFF42E00EE183F /* LaunchScreen.xib in Resources */,
				5829D92A1AEFF42E00EE183F /* Images.xcassets in Resources */,
			);
			runOnlyForDeploymentPostprocessing = 0;
		};
		5829D9301AEFF42E00EE183F /* Resources */ = {
			isa = PBXResourcesBuildPhase;
			buildActionMask = 2147483647;
			files = (
			);
			runOnlyForDeploymentPostprocessing = 0;
		};
/* End PBXResourcesBuildPhase section */

/* Begin PBXSourcesBuildPhase section */
		5829D9191AEFF42E00EE183F /* Sources */ = {
			isa = PBXSourcesBuildPhase;
			buildActionMask = 2147483647;
			files = (
				5829D9941AF3D4AC00EE183F /* Factory.swift in Sources */,
				5829D9251AEFF42E00EE183F /* ViewController.swift in Sources */,
				5829D9431AF3D34800EE183F /* Slot.swift in Sources */,
				5829D9231AEFF42E00EE183F /* AppDelegate.swift in Sources */,
				58C718331B7177680095CEB5 /* SlotBrain.swift in Sources */,
			);
			runOnlyForDeploymentPostprocessing = 0;
		};
		5829D92E1AEFF42E00EE183F /* Sources */ = {
			isa = PBXSourcesBuildPhase;
			buildActionMask = 2147483647;
			files = (
				5829D9391AEFF42E00EE183F /* SlotMachineTests.swift in Sources */,
			);
			runOnlyForDeploymentPostprocessing = 0;
		};
/* End PBXSourcesBuildPhase section */

/* Begin PBXTargetDependency section */
		5829D9341AEFF42E00EE183F /* PBXTargetDependency */ = {
			isa = PBXTargetDependency;
			target = 5829D91C1AEFF42E00EE183F /* SlotMachine */;
			targetProxy = 5829D9331AEFF42E00EE183F /* PBXContainerItemProxy */;
		};
/* End PBXTargetDependency section */

/* Begin PBXVariantGroup section */
		5829D9261AEFF42E00EE183F /* Main.storyboard */ = {
			isa = PBXVariantGroup;
			children = (
				5829D9271AEFF42E00EE183F /* Base */,
			);
			name = Main.storyboard;
			sourceTree = "<group>";
		};
		5829D92B1AEFF42E00EE183F /* LaunchScreen.xib */ = {
			isa = PBXVariantGroup;
			children = (
				5829D92C1AEFF42E00EE183F /* Base */,
			);
			name = LaunchScreen.xib;
			sourceTree = "<group>";
		};
/* End PBXVariantGroup section */

/* Begin XCBuildConfiguration section */
		5829D93A1AEFF42E00EE183F /* Debug */ = {
			isa = XCBuildConfiguration;
			buildSettings = {
				ALWAYS_SEARCH_USER_PATHS = NO;
				CLANG_CXX_LANGUAGE_STANDARD = "gnu++0x";
				CLANG_CXX_LIBRARY = "libc++";
				CLANG_ENABLE_MODULES = YES;
				CLANG_ENABLE_OBJC_ARC = YES;
				CLANG_WARN_BOOL_CONVERSION = YES;
				CLANG_WARN_CONSTANT_CONVERSION = YES;
				CLANG_WARN_DIRECT_OBJC_ISA_USAGE = YES_ERROR;
				CLANG_WARN_EMPTY_BODY = YES;
				CLANG_WARN_ENUM_CONVERSION = YES;
				CLANG_WARN_INT_CONVERSION = YES;
				CLANG_WARN_OBJC_ROOT_CLASS = YES_ERROR;
				CLANG_WARN_UNREACHABLE_CODE = YES;
				CLANG_WARN__DUPLICATE_METHOD_MATCH = YES;
				"CODE_SIGN_IDENTITY[sdk=iphoneos*]" = "iPhone Developer";
				COPY_PHASE_STRIP = NO;
				DEBUG_INFORMATION_FORMAT = "dwarf-with-dsym";
				ENABLE_STRICT_OBJC_MSGSEND = YES;
				GCC_C_LANGUAGE_STANDARD = gnu99;
				GCC_DYNAMIC_NO_PIC = NO;
				GCC_NO_COMMON_BLOCKS = YES;
				GCC_OPTIMIZATION_LEVEL = 0;
				GCC_PREPROCESSOR_DEFINITIONS = (
					"DEBUG=1",
					"$(inherited)",
				);
				GCC_SYMBOLS_PRIVATE_EXTERN = NO;
				GCC_WARN_64_TO_32_BIT_CONVERSION = YES;
				GCC_WARN_ABOUT_RETURN_TYPE = YES_ERROR;
				GCC_WARN_UNDECLARED_SELECTOR = YES;
				GCC_WARN_UNINITIALIZED_AUTOS = YES_AGGRESSIVE;
				GCC_WARN_UNUSED_FUNCTION = YES;
				GCC_WARN_UNUSED_VARIABLE = YES;
				IPHONEOS_DEPLOYMENT_TARGET = 8.3;
				MTL_ENABLE_DEBUG_INFO = YES;
				ONLY_ACTIVE_ARCH = YES;
				SDKROOT = iphoneos;
				SWIFT_OPTIMIZATION_LEVEL = "-Onone";
				TARGETED_DEVICE_FAMILY = "1,2";
			};
			name = Debug;
		};
		5829D93B1AEFF42E00EE183F /* Release */ = {
			isa = XCBuildConfiguration;
			buildSettings = {
				ALWAYS_SEARCH_USER_PATHS = NO;
				CLANG_CXX_LANGUAGE_STANDARD = "gnu++0x";
				CLANG_CXX_LIBRARY = "libc++";
				CLANG_ENABLE_MODULES = YES;
				CLANG_ENABLE_OBJC_ARC = YES;
				CLANG_WARN_BOOL_CONVERSION = YES;
				CLANG_WARN_CONSTANT_CONVERSION = YES;
				CLANG_WARN_DIRECT_OBJC_ISA_USAGE = YES_ERROR;
				CLANG_WARN_EMPTY_BODY = YES;
				CLANG_WARN_ENUM_CONVERSION = YES;
				CLANG_WARN_INT_CONVERSION = YES;
				CLANG_WARN_OBJC_ROOT_CLASS = YES_ERROR;
				CLANG_WARN_UNREACHABLE_CODE = YES;
				CLANG_WARN__DUPLICATE_METHOD_MATCH = YES;
				"CODE_SIGN_IDENTITY[sdk=iphoneos*]" = "iPhone Developer";
				COPY_PHASE_STRIP = NO;
				DEBUG_INFORMATION_FORMAT = "dwarf-with-dsym";
				ENABLE_NS_ASSERTIONS = NO;
				ENABLE_STRICT_OBJC_MSGSEND = YES;
				GCC_C_LANGUAGE_STANDARD = gnu99;
				GCC_NO_COMMON_BLOCKS = YES;
				GCC_WARN_64_TO_32_BIT_CONVERSION = YES;
				GCC_WARN_ABOUT_RETURN_TYPE = YES_ERROR;
				GCC_WARN_UNDECLARED_SELECTOR = YES;
				GCC_WARN_UNINITIALIZED_AUTOS = YES_AGGRESSIVE;
				GCC_WARN_UNUSED_FUNCTION = YES;
				GCC_WARN_UNUSED_VARIABLE = YES;
				IPHONEOS_DEPLOYMENT_TARGET = 8.3;
				MTL_ENABLE_DEBUG_INFO = NO;
				SDKROOT = iphoneos;
				TARGETED_DEVICE_FAMILY = "1,2";
				VALIDATE_PRODUCT = YES;
			};
			name = Release;
		};
		5829D93D1AEFF42E00EE183F /* Debug */ = {
			isa = XCBuildConfiguration;
			buildSettings = {
				ASSETCATALOG_COMPILER_APPICON_NAME = AppIcon;
				INFOPLIST_FILE = SlotMachine/Info.plist;
				LD_RUNPATH_SEARCH_PATHS = "$(inherited) @executable_path/Frameworks";
				PRODUCT_NAME = "$(TARGET_NAME)";
			};
			name = Debug;
		};
		5829D93E1AEFF42E00EE183F /* Release */ = {
			isa = XCBuildConfiguration;
			buildSettings = {
				ASSETCATALOG_COMPILER_APPICON_NAME = AppIcon;
				INFOPLIST_FILE = SlotMachine/Info.plist;
				LD_RUNPATH_SEARCH_PATHS = "$(inherited) @executable_path/Frameworks";
				PRODUCT_NAME = "$(TARGET_NAME)";
			};
			name = Release;
		};
		5829D9401AEFF42E00EE183F /* Debug */ = {
			isa = XCBuildConfiguration;
			buildSettings = {
				BUNDLE_LOADER = "$(TEST_HOST)";
				FRAMEWORK_SEARCH_PATHS = (
					"$(SDKROOT)/Developer/Library/Frameworks",
					"$(inherited)",
				);
				GCC_PREPROCESSOR_DEFINITIONS = (
					"DEBUG=1",
					"$(inherited)",
				);
				INFOPLIST_FILE = SlotMachineTests/Info.plist;
				LD_RUNPATH_SEARCH_PATHS = "$(inherited) @executable_path/Frameworks @loader_path/Frameworks";
				PRODUCT_NAME = "$(TARGET_NAME)";
				TEST_HOST = "$(BUILT_PRODUCTS_DIR)/SlotMachine.app/SlotMachine";
			};
			name = Debug;
		};
		5829D9411AEFF42E00EE183F /* Release */ = {
			isa = XCBuildConfiguration;
			buildSettings = {
				BUNDLE_LOADER = "$(TEST_HOST)";
				FRAMEWORK_SEARCH_PATHS = (
					"$(SDKROOT)/Developer/Library/Frameworks",
					"$(inherited)",
				);
				INFOPLIST_FILE = SlotMachineTests/Info.plist;
				LD_RUNPATH_SEARCH_PATHS = "$(inherited) @executable_path/Frameworks @loader_path/Frameworks";
				PRODUCT_NAME = "$(TARGET_NAME)";
				TEST_HOST = "$(BUILT_PRODUCTS_DIR)/SlotMachine.app/SlotMachine";
			};
			name = Release;
		};
/* End XCBuildConfiguration section */

/* Begin XCConfigurationList section */
		5829D9181AEFF42E00EE183F /* Build configuration list for PBXProject "SlotMachine" */ = {
			isa = XCConfigurationList;
			buildConfigurations = (
				5829D93A1AEFF42E00EE183F /* Debug */,
				5829D93B1AEFF42E00EE183F /* Release */,
			);
			defaultConfigurationIsVisible = 0;
			defaultConfigurationName = Release;
		};
		5829D93C1AEFF42E00EE183F /* Build configuration list for PBXNativeTarget "SlotMachine" */ = {
			isa = XCConfigurationList;
			buildConfigurations = (
				5829D93D1AEFF42E00EE183F /* Debug */,
				5829D93E1AEFF42E00EE183F /* Release */,
			);
			defaultConfigurationIsVisible = 0;
			defaultConfigurationName = Release;
		};
		5829D93F1AEFF42E00EE183F /* Build configuration list for PBXNativeTarget "SlotMachineTests" */ = {
			isa = XCConfigurationList;
			buildConfigurations = (
				5829D9401AEFF42E00EE183F /* Debug */,
				5829D9411AEFF42E00EE183F /* Release */,
			);
			defaultConfigurationIsVisible = 0;
			defaultConfigurationName = Release;
		};
/* End XCConfigurationList section */
	};
	rootObject = 5829D9151AEFF42E00EE183F /* Project object */;
}
